
Microsoft Visual Studio Solution File, Format Version 12.00
# Visual Studio Version 17
VisualStudioVersion = 17.4.33205.214
MinimumVisualStudioVersion = 10.0.40219.1
Project("{FAE04EC0-301F-11D3-BF4B-00C04F79EFBC}") = "DevAlApplication", "DevAlApplication.csproj", "{4D7B4C50-0FB6-41C5-996D-48B83E3259AA}"
EndProject
Global
	GlobalSection(SolutionConfigurationPlatforms) = preSolution
		Debug|Any CPU = Debug|Any CPU
		Release|Any CPU = Release|Any CPU
	EndGlobalSection
	GlobalSection(ProjectConfigurationPlatforms) = postSolution
		{4D7B4C50-0FB6-41C5-996D-48B83E3259AA}.Debug|Any CPU.ActiveCfg = Debug|Any CPU
		{4D7B4C50-0FB6-41C5-996D-48B83E3259AA}.Debug|Any CPU.Build.0 = Debug|Any CPU
		{4D7B4C50-0FB6-41C5-996D-48B83E3259AA}.Release|Any CPU.ActiveCfg = Release|Any CPU
		{4D7B4C50-0FB6-41C5-996D-48B83E3259AA}.Release|Any CPU.Build.0 = Release|Any CPU
	EndGlobalSection
	GlobalSection(SolutionProperties) = preSolution
		HideSolutionNode = FALSE
	EndGlobalSection
	GlobalSection(ExtensibilityGlobals) = postSolution
		SolutionGuid = {6924FCF8-D6B4-4C83-9078-4B93008B4B0D}
	EndGlobalSection
EndGlobal
